
Microsoft Visual Studio Solution File, Format Version 12.00
# Visual Studio Version 17
VisualStudioVersion = 17.3.32901.215
MinimumVisualStudioVersion = 10.0.40219.1
Project("{FAE04EC0-301F-11D3-BF4B-00C04F79EFBC}") = "task3", "task3.csproj", "{5BEF5008-1C37-41A2-82AE-AA07E015D08D}"
EndProject
Global
	GlobalSection(SolutionConfigurationPlatforms) = preSolution
		Debug|Any CPU = Debug|Any CPU
		Release|Any CPU = Release|Any CPU
	EndGlobalSection
	GlobalSection(ProjectConfigurationPlatforms) = postSolution
		{5BEF5008-1C37-41A2-82AE-AA07E015D08D}.Debug|Any CPU.ActiveCfg = Debug|Any CPU
		{5BEF5008-1C37-41A2-82AE-AA07E015D08D}.Debug|Any CPU.Build.0 = Debug|Any CPU
		{5BEF5008-1C37-41A2-82AE-AA07E015D08D}.Release|Any CPU.ActiveCfg = Release|Any CPU
		{5BEF5008-1C37-41A2-82AE-AA07E015D08D}.Release|Any CPU.Build.0 = Release|Any CPU
	EndGlobalSection
	GlobalSection(SolutionProperties) = preSolution
		HideSolutionNode = FALSE
	EndGlobalSection
	GlobalSection(ExtensibilityGlobals) = postSolution
		SolutionGuid = {0771CEF3-3865-4A10-B58B-1B150525AAE9}
	EndGlobalSection
EndGlobal
