
Microsoft Visual Studio Solution File, Format Version 12.00
# Visual Studio Version 17
VisualStudioVersion = 17.8.34525.116
MinimumVisualStudioVersion = 10.0.40219.1
Project("{FAE04EC0-301F-11D3-BF4B-00C04F79EFBC}") = "challenge3Lab2", "challenge3Lab2\challenge3Lab2.csproj", "{D957D8CD-597D-4EF2-854B-F74E41767BAE}"
EndProject
Global
	GlobalSection(SolutionConfigurationPlatforms) = preSolution
		Debug|Any CPU = Debug|Any CPU
		Release|Any CPU = Release|Any CPU
	EndGlobalSection
	GlobalSection(ProjectConfigurationPlatforms) = postSolution
		{D957D8CD-597D-4EF2-854B-F74E41767BAE}.Debug|Any CPU.ActiveCfg = Debug|Any CPU
		{D957D8CD-597D-4EF2-854B-F74E41767BAE}.Debug|Any CPU.Build.0 = Debug|Any CPU
		{D957D8CD-597D-4EF2-854B-F74E41767BAE}.Release|Any CPU.ActiveCfg = Release|Any CPU
		{D957D8CD-597D-4EF2-854B-F74E41767BAE}.Release|Any CPU.Build.0 = Release|Any CPU
	EndGlobalSection
	GlobalSection(SolutionProperties) = preSolution
		HideSolutionNode = FALSE
	EndGlobalSection
	GlobalSection(ExtensibilityGlobals) = postSolution
		SolutionGuid = {B7F7CDDC-8BAC-42EF-91ED-B121230D0640}
	EndGlobalSection
EndGlobal
